
Microsoft Visual Studio Solution File, Format Version 12.00
# Visual Studio Version 16
VisualStudioVersion = 16.0.28803.156
MinimumVisualStudioVersion = 10.0.40219.1
Project("{FAE04EC0-301F-11D3-BF4B-00C04F79EFBC}") = "Studio Wave Transfer 2019", "Studio Wave Transfer 2019\Studio Wave Transfer 2019.csproj", "{7094698E-1D9F-477D-B633-9FB2CC75611F}"
EndProject
Global
	GlobalSection(SolutionConfigurationPlatforms) = preSolution
		Debug|Any CPU = Debug|Any CPU
		Release|Any CPU = Release|Any CPU
	EndGlobalSection
	GlobalSection(ProjectConfigurationPlatforms) = postSolution
		{7094698E-1D9F-477D-B633-9FB2CC75611F}.Debug|Any CPU.ActiveCfg = Debug|Any CPU
		{7094698E-1D9F-477D-B633-9FB2CC75611F}.Debug|Any CPU.Build.0 = Debug|Any CPU
		{7094698E-1D9F-477D-B633-9FB2CC75611F}.Release|Any CPU.ActiveCfg = Release|Any CPU
		{7094698E-1D9F-477D-B633-9FB2CC75611F}.Release|Any CPU.Build.0 = Release|Any CPU
	EndGlobalSection
	GlobalSection(SolutionProperties) = preSolution
		HideSolutionNode = FALSE
	EndGlobalSection
	GlobalSection(ExtensibilityGlobals) = postSolution
		SolutionGuid = {CD8397F9-1789-4939-94B3-502230C09CE3}
	EndGlobalSection
EndGlobal
